
Microsoft Visual Studio Solution File, Format Version 12.00
# Visual Studio Version 16
VisualStudioVersion = 16.0.32126.315
MinimumVisualStudioVersion = 10.0.40219.1
Project("{FAE04EC0-301F-11D3-BF4B-00C04F79EFBC}") = "Task1_CRUD_24_FEB_22_CORE_WEB_APP", "Task1_CRUD_24_FEB_22_CORE_WEB_APP\Task1_CRUD_24_FEB_22_CORE_WEB_APP.csproj", "{AE80F33E-1DEC-4BAC-BF3C-5C89A04BEA24}"
EndProject
Global
	GlobalSection(SolutionConfigurationPlatforms) = preSolution
		Debug|Any CPU = Debug|Any CPU
		Release|Any CPU = Release|Any CPU
	EndGlobalSection
	GlobalSection(ProjectConfigurationPlatforms) = postSolution
		{AE80F33E-1DEC-4BAC-BF3C-5C89A04BEA24}.Debug|Any CPU.ActiveCfg = Debug|Any CPU
		{AE80F33E-1DEC-4BAC-BF3C-5C89A04BEA24}.Debug|Any CPU.Build.0 = Debug|Any CPU
		{AE80F33E-1DEC-4BAC-BF3C-5C89A04BEA24}.Release|Any CPU.ActiveCfg = Release|Any CPU
		{AE80F33E-1DEC-4BAC-BF3C-5C89A04BEA24}.Release|Any CPU.Build.0 = Release|Any CPU
	EndGlobalSection
	GlobalSection(SolutionProperties) = preSolution
		HideSolutionNode = FALSE
	EndGlobalSection
	GlobalSection(ExtensibilityGlobals) = postSolution
		SolutionGuid = {2D61B530-57E3-4100-89AA-1EB468F87B48}
	EndGlobalSection
EndGlobal
